// !$*UTF8*$!
{
	archiveVersion = 1;
	classes = {
	};
	objectVersion = 46;
	objects = {

/* Begin PBXBuildFile section */
		070076AE1D9E36C80017D22C /* AppDelegate.swift in Sources */ = {isa = PBXBuildFile; fileRef = 070076AD1D9E36C80017D22C /* AppDelegate.swift */; };
		070076B01D9E36C80017D22C /* ViewController.swift in Sources */ = {isa = PBXBuildFile; fileRef = 070076AF1D9E36C80017D22C /* ViewController.swift */; };
		070076B51D9E36C80017D22C /* Assets.xcassets in Resources */ = {isa = PBXBuildFile; fileRef = 070076B41D9E36C80017D22C /* Assets.xcassets */; };
		070076B81D9E36C80017D22C /* LaunchScreen.storyboard in Resources */ = {isa = PBXBuildFile; fileRef = 070076B61D9E36C80017D22C /* LaunchScreen.storyboard */; };
		070076C31D9E36C80017D22C /* ScribbleItTests.swift in Sources */ = {isa = PBXBuildFile; fileRef = 070076C21D9E36C80017D22C /* ScribbleItTests.swift */; };
		070076CE1D9E36C80017D22C /* ScribbleItUITests.swift in Sources */ = {isa = PBXBuildFile; fileRef = 070076CD1D9E36C80017D22C /* ScribbleItUITests.swift */; };
		070076DC1D9E675B0017D22C /* SwiftColorPickerViewController.swift in Sources */ = {isa = PBXBuildFile; fileRef = 070076DB1D9E675B0017D22C /* SwiftColorPickerViewController.swift */; };
		07008D3D1DB155D800D8210B /* Main.storyboard in Resources */ = {isa = PBXBuildFile; fileRef = 07008D3B1DB155D800D8210B /* Main.storyboard */; };
		07008D3F1DB1568500D8210B /* PopupDialog.framework in Frameworks */ = {isa = PBXBuildFile; fileRef = 07008D3E1DB1568500D8210B /* PopupDialog.framework */; };
		07008D401DB15A3A00D8210B /* PopupDialog.framework in Frameworks */ = {isa = PBXBuildFile; fileRef = 07008D3E1DB1568500D8210B /* PopupDialog.framework */; };
		07008D411DB15A3A00D8210B /* PopupDialog.framework in Embed Frameworks */ = {isa = PBXBuildFile; fileRef = 07008D3E1DB1568500D8210B /* PopupDialog.framework */; settings = {ATTRIBUTES = (CodeSignOnCopy, RemoveHeadersOnCopy, ); }; };
		0705899A1DAC005E00AE4F8D /* Simplicity.framework in Frameworks */ = {isa = PBXBuildFile; fileRef = 070589991DAC005E00AE4F8D /* Simplicity.framework */; };
		0705899B1DAC006B00AE4F8D /* Simplicity.framework in Frameworks */ = {isa = PBXBuildFile; fileRef = 070589991DAC005E00AE4F8D /* Simplicity.framework */; };
		0705899C1DAC006B00AE4F8D /* Simplicity.framework in Embed Frameworks */ = {isa = PBXBuildFile; fileRef = 070589991DAC005E00AE4F8D /* Simplicity.framework */; settings = {ATTRIBUTES = (CodeSignOnCopy, RemoveHeadersOnCopy, ); }; };
		074F979C1DAC105C0081BA56 /* MenuViewController.swift in Sources */ = {isa = PBXBuildFile; fileRef = 074F979B1DAC105C0081BA56 /* MenuViewController.swift */; };
		0767E8FA1DABB58A006691F4 /* Bolts.framework in Frameworks */ = {isa = PBXBuildFile; fileRef = 07D69FD81DABB44B00BBEA05 /* Bolts.framework */; };
		0767E8FB1DABB58A006691F4 /* Bolts.framework in Embed Frameworks */ = {isa = PBXBuildFile; fileRef = 07D69FD81DABB44B00BBEA05 /* Bolts.framework */; settings = {ATTRIBUTES = (CodeSignOnCopy, RemoveHeadersOnCopy, ); }; };
		0767E8FC1DABB58A006691F4 /* FacebookCore.framework in Frameworks */ = {isa = PBXBuildFile; fileRef = 07D69FD91DABB44C00BBEA05 /* FacebookCore.framework */; };
		0767E8FD1DABB58A006691F4 /* FacebookCore.framework in Embed Frameworks */ = {isa = PBXBuildFile; fileRef = 07D69FD91DABB44C00BBEA05 /* FacebookCore.framework */; settings = {ATTRIBUTES = (CodeSignOnCopy, RemoveHeadersOnCopy, ); }; };
		0767E8FE1DABB58A006691F4 /* FacebookLogin.framework in Frameworks */ = {isa = PBXBuildFile; fileRef = 07D69FDA1DABB44C00BBEA05 /* FacebookLogin.framework */; };
		0767E8FF1DABB58A006691F4 /* FacebookLogin.framework in Embed Frameworks */ = {isa = PBXBuildFile; fileRef = 07D69FDA1DABB44C00BBEA05 /* FacebookLogin.framework */; settings = {ATTRIBUTES = (CodeSignOnCopy, RemoveHeadersOnCopy, ); }; };
		0767E9001DABB58A006691F4 /* FacebookShare.framework in Frameworks */ = {isa = PBXBuildFile; fileRef = 07D69FDB1DABB44C00BBEA05 /* FacebookShare.framework */; };
		0767E9011DABB58A006691F4 /* FacebookShare.framework in Embed Frameworks */ = {isa = PBXBuildFile; fileRef = 07D69FDB1DABB44C00BBEA05 /* FacebookShare.framework */; settings = {ATTRIBUTES = (CodeSignOnCopy, RemoveHeadersOnCopy, ); }; };
		0767E9021DABB58A006691F4 /* FBSDKCoreKit.framework in Frameworks */ = {isa = PBXBuildFile; fileRef = 07D69FDC1DABB44C00BBEA05 /* FBSDKCoreKit.framework */; };
		0767E9031DABB58A006691F4 /* FBSDKCoreKit.framework in Embed Frameworks */ = {isa = PBXBuildFile; fileRef = 07D69FDC1DABB44C00BBEA05 /* FBSDKCoreKit.framework */; settings = {ATTRIBUTES = (CodeSignOnCopy, RemoveHeadersOnCopy, ); }; };
		0767E9041DABB58A006691F4 /* FBSDKLoginKit.framework in Frameworks */ = {isa = PBXBuildFile; fileRef = 07D69FDD1DABB44C00BBEA05 /* FBSDKLoginKit.framework */; };
		0767E9051DABB58A006691F4 /* FBSDKLoginKit.framework in Embed Frameworks */ = {isa = PBXBuildFile; fileRef = 07D69FDD1DABB44C00BBEA05 /* FBSDKLoginKit.framework */; settings = {ATTRIBUTES = (CodeSignOnCopy, RemoveHeadersOnCopy, ); }; };
		0767E9061DABB58A006691F4 /* FBSDKShareKit.framework in Frameworks */ = {isa = PBXBuildFile; fileRef = 07D69FDE1DABB44C00BBEA05 /* FBSDKShareKit.framework */; };
		0767E9071DABB58A006691F4 /* FBSDKShareKit.framework in Embed Frameworks */ = {isa = PBXBuildFile; fileRef = 07D69FDE1DABB44C00BBEA05 /* FBSDKShareKit.framework */; settings = {ATTRIBUTES = (CodeSignOnCopy, RemoveHeadersOnCopy, ); }; };
		07736AED1DAA005B002BA895 /* ColorSlider.swift in Sources */ = {isa = PBXBuildFile; fileRef = 07736AEC1DAA005B002BA895 /* ColorSlider.swift */; };
		07D69FBB1DAA4BE800BBEA05 /* API.swift in Sources */ = {isa = PBXBuildFile; fileRef = 07D69FBA1DAA4BE800BBEA05 /* API.swift */; };
		07D69FC41DAA6E7200BBEA05 /* Alamofire.framework in Frameworks */ = {isa = PBXBuildFile; fileRef = 07D69FC31DAA6E7200BBEA05 /* Alamofire.framework */; };
		07D69FC51DAA709C00BBEA05 /* Alamofire.framework in Frameworks */ = {isa = PBXBuildFile; fileRef = 07D69FC31DAA6E7200BBEA05 /* Alamofire.framework */; };
		07D69FC61DAA709C00BBEA05 /* Alamofire.framework in Embed Frameworks */ = {isa = PBXBuildFile; fileRef = 07D69FC31DAA6E7200BBEA05 /* Alamofire.framework */; settings = {ATTRIBUTES = (CodeSignOnCopy, RemoveHeadersOnCopy, ); }; };
		07D69FC91DAA70C900BBEA05 /* SwiftyJSON.framework in Frameworks */ = {isa = PBXBuildFile; fileRef = 07D69FC81DAA70C900BBEA05 /* SwiftyJSON.framework */; };
		07D69FCA1DAA70D200BBEA05 /* SwiftyJSON.framework in Frameworks */ = {isa = PBXBuildFile; fileRef = 07D69FC81DAA70C900BBEA05 /* SwiftyJSON.framework */; };
		07D69FCB1DAA70D200BBEA05 /* SwiftyJSON.framework in Embed Frameworks */ = {isa = PBXBuildFile; fileRef = 07D69FC81DAA70C900BBEA05 /* SwiftyJSON.framework */; settings = {ATTRIBUTES = (CodeSignOnCopy, RemoveHeadersOnCopy, ); }; };
		07D69FD71DAAA27300BBEA05 /* LoginViewController.swift in Sources */ = {isa = PBXBuildFile; fileRef = 07D69FD61DAAA27300BBEA05 /* LoginViewController.swift */; };
		07D69FDF1DABB44C00BBEA05 /* Bolts.framework in Frameworks */ = {isa = PBXBuildFile; fileRef = 07D69FD81DABB44B00BBEA05 /* Bolts.framework */; };
		07D69FE01DABB44C00BBEA05 /* FacebookCore.framework in Frameworks */ = {isa = PBXBuildFile; fileRef = 07D69FD91DABB44C00BBEA05 /* FacebookCore.framework */; };
		07D69FE11DABB44C00BBEA05 /* FacebookLogin.framework in Frameworks */ = {isa = PBXBuildFile; fileRef = 07D69FDA1DABB44C00BBEA05 /* FacebookLogin.framework */; };
		07D69FE21DABB44C00BBEA05 /* FacebookShare.framework in Frameworks */ = {isa = PBXBuildFile; fileRef = 07D69FDB1DABB44C00BBEA05 /* FacebookShare.framework */; };
		07D69FE31DABB44C00BBEA05 /* FBSDKCoreKit.framework in Frameworks */ = {isa = PBXBuildFile; fileRef = 07D69FDC1DABB44C00BBEA05 /* FBSDKCoreKit.framework */; };
		07D69FE41DABB44C00BBEA05 /* FBSDKLoginKit.framework in Frameworks */ = {isa = PBXBuildFile; fileRef = 07D69FDD1DABB44C00BBEA05 /* FBSDKLoginKit.framework */; };
		07D69FE51DABB44C00BBEA05 /* FBSDKShareKit.framework in Frameworks */ = {isa = PBXBuildFile; fileRef = 07D69FDE1DABB44C00BBEA05 /* FBSDKShareKit.framework */; };
		07E207021DB10CE3005FA4E8 /* ArtworkGalleryCellTableViewCell.swift in Sources */ = {isa = PBXBuildFile; fileRef = 07E207011DB10CE3005FA4E8 /* ArtworkGalleryCellTableViewCell.swift */; };
		07E207041DB10EEE005FA4E8 /* ArtworkGalleryViewController.swift in Sources */ = {isa = PBXBuildFile; fileRef = 07E207031DB10EEE005FA4E8 /* ArtworkGalleryViewController.swift */; };
		07E207061DB1266A005FA4E8 /* TestViewController.swift in Sources */ = {isa = PBXBuildFile; fileRef = 07E207051DB1266A005FA4E8 /* TestViewController.swift */; };
		07E207081DB13DCE005FA4E8 /* CardView.swift in Sources */ = {isa = PBXBuildFile; fileRef = 07E207071DB13DCE005FA4E8 /* CardView.swift */; };
/* End PBXBuildFile section */

/* Begin PBXContainerItemProxy section */
		070076BF1D9E36C80017D22C /* PBXContainerItemProxy */ = {
			isa = PBXContainerItemProxy;
			containerPortal = 070076A21D9E36C80017D22C /* Project object */;
			proxyType = 1;
			remoteGlobalIDString = 070076A91D9E36C80017D22C;
			remoteInfo = ScribbleIt;
		};
		070076CA1D9E36C80017D22C /* PBXContainerItemProxy */ = {
			isa = PBXContainerItemProxy;
			containerPortal = 070076A21D9E36C80017D22C /* Project object */;
			proxyType = 1;
			remoteGlobalIDString = 070076A91D9E36C80017D22C;
			remoteInfo = ScribbleIt;
		};
/* End PBXContainerItemProxy section */

/* Begin PBXCopyFilesBuildPhase section */
		07D69FC71DAA709C00BBEA05 /* Embed Frameworks */ = {
			isa = PBXCopyFilesBuildPhase;
			buildActionMask = 2147483647;
			dstPath = "";
			dstSubfolderSpec = 10;
			files = (
				0767E9011DABB58A006691F4 /* FacebookShare.framework in Embed Frameworks */,
				0767E8FB1DABB58A006691F4 /* Bolts.framework in Embed Frameworks */,
				0767E8FD1DABB58A006691F4 /* FacebookCore.framework in Embed Frameworks */,
				0705899C1DAC006B00AE4F8D /* Simplicity.framework in Embed Frameworks */,
				07D69FCB1DAA70D200BBEA05 /* SwiftyJSON.framework in Embed Frameworks */,
				07008D411DB15A3A00D8210B /* PopupDialog.framework in Embed Frameworks */,
				0767E9031DABB58A006691F4 /* FBSDKCoreKit.framework in Embed Frameworks */,
				0767E9071DABB58A006691F4 /* FBSDKShareKit.framework in Embed Frameworks */,
				0767E8FF1DABB58A006691F4 /* FacebookLogin.framework in Embed Frameworks */,
				0767E9051DABB58A006691F4 /* FBSDKLoginKit.framework in Embed Frameworks */,
				07D69FC61DAA709C00BBEA05 /* Alamofire.framework in Embed Frameworks */,
			);
			name = "Embed Frameworks";
			runOnlyForDeploymentPostprocessing = 0;
		};
/* End PBXCopyFilesBuildPhase section */

/* Begin PBXFileReference section */
		070076AA1D9E36C80017D22C /* ScribbleIt.app */ = {isa = PBXFileReference; explicitFileType = wrapper.application; includeInIndex = 0; path = ScribbleIt.app; sourceTree = BUILT_PRODUCTS_DIR; };
		070076AD1D9E36C80017D22C /* AppDelegate.swift */ = {isa = PBXFileReference; lastKnownFileType = sourcecode.swift; path = AppDelegate.swift; sourceTree = "<group>"; };
		070076AF1D9E36C80017D22C /* ViewController.swift */ = {isa = PBXFileReference; lastKnownFileType = sourcecode.swift; path = ViewController.swift; sourceTree = "<group>"; };
		070076B41D9E36C80017D22C /* Assets.xcassets */ = {isa = PBXFileReference; lastKnownFileType = folder.assetcatalog; path = Assets.xcassets; sourceTree = "<group>"; };
		070076B71D9E36C80017D22C /* Base */ = {isa = PBXFileReference; lastKnownFileType = file.storyboard; name = Base; path = Base.lproj/LaunchScreen.storyboard; sourceTree = "<group>"; };
		070076B91D9E36C80017D22C /* Info.plist */ = {isa = PBXFileReference; lastKnownFileType = text.plist.xml; path = Info.plist; sourceTree = "<group>"; };
		070076BE1D9E36C80017D22C /* ScribbleItTests.xctest */ = {isa = PBXFileReference; explicitFileType = wrapper.cfbundle; includeInIndex = 0; path = ScribbleItTests.xctest; sourceTree = BUILT_PRODUCTS_DIR; };
		070076C21D9E36C80017D22C /* ScribbleItTests.swift */ = {isa = PBXFileReference; lastKnownFileType = sourcecode.swift; path = ScribbleItTests.swift; sourceTree = "<group>"; };
		070076C41D9E36C80017D22C /* Info.plist */ = {isa = PBXFileReference; lastKnownFileType = text.plist.xml; path = Info.plist; sourceTree = "<group>"; };
		070076C91D9E36C80017D22C /* ScribbleItUITests.xctest */ = {isa = PBXFileReference; explicitFileType = wrapper.cfbundle; includeInIndex = 0; path = ScribbleItUITests.xctest; sourceTree = BUILT_PRODUCTS_DIR; };
		070076CD1D9E36C80017D22C /* ScribbleItUITests.swift */ = {isa = PBXFileReference; lastKnownFileType = sourcecode.swift; path = ScribbleItUITests.swift; sourceTree = "<group>"; };
		070076CF1D9E36C80017D22C /* Info.plist */ = {isa = PBXFileReference; lastKnownFileType = text.plist.xml; path = Info.plist; sourceTree = "<group>"; };
		070076DB1D9E675B0017D22C /* SwiftColorPickerViewController.swift */ = {isa = PBXFileReference; fileEncoding = 4; lastKnownFileType = sourcecode.swift; path = SwiftColorPickerViewController.swift; sourceTree = "<group>"; };
		07008D3C1DB155D800D8210B /* Base */ = {isa = PBXFileReference; lastKnownFileType = file.storyboard; name = Base; path = Base.lproj/Main.storyboard; sourceTree = "<group>"; };
		07008D3E1DB1568500D8210B /* PopupDialog.framework */ = {isa = PBXFileReference; lastKnownFileType = wrapper.framework; name = PopupDialog.framework; path = Carthage/Build/iOS/PopupDialog.framework; sourceTree = "<group>"; };
		070589981DABEAD800AE4F8D /* ScribbleIt.entitlements */ = {isa = PBXFileReference; lastKnownFileType = text.plist.entitlements; path = ScribbleIt.entitlements; sourceTree = "<group>"; };
		070589991DAC005E00AE4F8D /* Simplicity.framework */ = {isa = PBXFileReference; lastKnownFileType = wrapper.framework; name = Simplicity.framework; path = Carthage/Build/iOS/Simplicity.framework; sourceTree = "<group>"; };
		074F979B1DAC105C0081BA56 /* MenuViewController.swift */ = {isa = PBXFileReference; fileEncoding = 4; lastKnownFileType = sourcecode.swift; path = MenuViewController.swift; sourceTree = "<group>"; };
		07736AEC1DAA005B002BA895 /* ColorSlider.swift */ = {isa = PBXFileReference; fileEncoding = 4; lastKnownFileType = sourcecode.swift; path = ColorSlider.swift; sourceTree = "<group>"; };
		07D69FBA1DAA4BE800BBEA05 /* API.swift */ = {isa = PBXFileReference; fileEncoding = 4; lastKnownFileType = sourcecode.swift; path = API.swift; sourceTree = "<group>"; };
		07D69FC31DAA6E7200BBEA05 /* Alamofire.framework */ = {isa = PBXFileReference; lastKnownFileType = wrapper.framework; name = Alamofire.framework; path = ScribbleIt/Alamofire.framework; sourceTree = "<group>"; };
		07D69FC81DAA70C900BBEA05 /* SwiftyJSON.framework */ = {isa = PBXFileReference; lastKnownFileType = wrapper.framework; name = SwiftyJSON.framework; path = Carthage/Build/iOS/SwiftyJSON.framework; sourceTree = "<group>"; };
		07D69FD61DAAA27300BBEA05 /* LoginViewController.swift */ = {isa = PBXFileReference; fileEncoding = 4; lastKnownFileType = sourcecode.swift; path = LoginViewController.swift; sourceTree = "<group>"; };
		07D69FD81DABB44B00BBEA05 /* Bolts.framework */ = {isa = PBXFileReference; lastKnownFileType = wrapper.framework; name = Bolts.framework; path = Carthage/Build/iOS/Bolts.framework; sourceTree = "<group>"; };
		07D69FD91DABB44C00BBEA05 /* FacebookCore.framework */ = {isa = PBXFileReference; lastKnownFileType = wrapper.framework; name = FacebookCore.framework; path = Carthage/Build/iOS/FacebookCore.framework; sourceTree = "<group>"; };
		07D69FDA1DABB44C00BBEA05 /* FacebookLogin.framework */ = {isa = PBXFileReference; lastKnownFileType = wrapper.framework; name = FacebookLogin.framework; path = Carthage/Build/iOS/FacebookLogin.framework; sourceTree = "<group>"; };
		07D69FDB1DABB44C00BBEA05 /* FacebookShare.framework */ = {isa = PBXFileReference; lastKnownFileType = wrapper.framework; name = FacebookShare.framework; path = Carthage/Build/iOS/FacebookShare.framework; sourceTree = "<group>"; };
		07D69FDC1DABB44C00BBEA05 /* FBSDKCoreKit.framework */ = {isa = PBXFileReference; lastKnownFileType = wrapper.framework; name = FBSDKCoreKit.framework; path = Carthage/Build/iOS/FBSDKCoreKit.framework; sourceTree = "<group>"; };
		07D69FDD1DABB44C00BBEA05 /* FBSDKLoginKit.framework */ = {isa = PBXFileReference; lastKnownFileType = wrapper.framework; name = FBSDKLoginKit.framework; path = Carthage/Build/iOS/FBSDKLoginKit.framework; sourceTree = "<group>"; };
		07D69FDE1DABB44C00BBEA05 /* FBSDKShareKit.framework */ = {isa = PBXFileReference; lastKnownFileType = wrapper.framework; name = FBSDKShareKit.framework; path = Carthage/Build/iOS/FBSDKShareKit.framework; sourceTree = "<group>"; };
		07E207011DB10CE3005FA4E8 /* ArtworkGalleryCellTableViewCell.swift */ = {isa = PBXFileReference; fileEncoding = 4; lastKnownFileType = sourcecode.swift; path = ArtworkGalleryCellTableViewCell.swift; sourceTree = "<group>"; };
		07E207031DB10EEE005FA4E8 /* ArtworkGalleryViewController.swift */ = {isa = PBXFileReference; fileEncoding = 4; lastKnownFileType = sourcecode.swift; name = ArtworkGalleryViewController.swift; path = ../ArtworkGalleryViewController.swift; sourceTree = "<group>"; };
		07E207051DB1266A005FA4E8 /* TestViewController.swift */ = {isa = PBXFileReference; fileEncoding = 4; lastKnownFileType = sourcecode.swift; path = TestViewController.swift; sourceTree = "<group>"; };
		07E207071DB13DCE005FA4E8 /* CardView.swift */ = {isa = PBXFileReference; fileEncoding = 4; lastKnownFileType = sourcecode.swift; path = CardView.swift; sourceTree = "<group>"; };
/* End PBXFileReference section */

/* Begin PBXFrameworksBuildPhase section */
		070076A71D9E36C80017D22C /* Frameworks */ = {
			isa = PBXFrameworksBuildPhase;
			buildActionMask = 2147483647;
			files = (
				0767E9041DABB58A006691F4 /* FBSDKLoginKit.framework in Frameworks */,
				07D69FE21DABB44C00BBEA05 /* FacebookShare.framework in Frameworks */,
				07D69FDF1DABB44C00BBEA05 /* Bolts.framework in Frameworks */,
				0705899B1DAC006B00AE4F8D /* Simplicity.framework in Frameworks */,
				07D69FE41DABB44C00BBEA05 /* FBSDKLoginKit.framework in Frameworks */,
				07008D401DB15A3A00D8210B /* PopupDialog.framework in Frameworks */,
				0767E9001DABB58A006691F4 /* FacebookShare.framework in Frameworks */,
				0767E8FA1DABB58A006691F4 /* Bolts.framework in Frameworks */,
				07D69FCA1DAA70D200BBEA05 /* SwiftyJSON.framework in Frameworks */,
				0767E8FC1DABB58A006691F4 /* FacebookCore.framework in Frameworks */,
				07D69FC41DAA6E7200BBEA05 /* Alamofire.framework in Frameworks */,
				07D69FE11DABB44C00BBEA05 /* FacebookLogin.framework in Frameworks */,
				07D69FE51DABB44C00BBEA05 /* FBSDKShareKit.framework in Frameworks */,
				07D69FE01DABB44C00BBEA05 /* FacebookCore.framework in Frameworks */,
				0767E8FE1DABB58A006691F4 /* FacebookLogin.framework in Frameworks */,
				07D69FC51DAA709C00BBEA05 /* Alamofire.framework in Frameworks */,
				0767E9061DABB58A006691F4 /* FBSDKShareKit.framework in Frameworks */,
				0767E9021DABB58A006691F4 /* FBSDKCoreKit.framework in Frameworks */,
				07D69FE31DABB44C00BBEA05 /* FBSDKCoreKit.framework in Frameworks */,
				0705899A1DAC005E00AE4F8D /* Simplicity.framework in Frameworks */,
				07008D3F1DB1568500D8210B /* PopupDialog.framework in Frameworks */,
				07D69FC91DAA70C900BBEA05 /* SwiftyJSON.framework in Frameworks */,
			);
			runOnlyForDeploymentPostprocessing = 0;
		};
		070076BB1D9E36C80017D22C /* Frameworks */ = {
			isa = PBXFrameworksBuildPhase;
			buildActionMask = 2147483647;
			files = (
			);
			runOnlyForDeploymentPostprocessing = 0;
		};
		070076C61D9E36C80017D22C /* Frameworks */ = {
			isa = PBXFrameworksBuildPhase;
			buildActionMask = 2147483647;
			files = (
			);
			runOnlyForDeploymentPostprocessing = 0;
		};
/* End PBXFrameworksBuildPhase section */

/* Begin PBXGroup section */
		070076A11D9E36C80017D22C = {
			isa = PBXGroup;
			children = (
				070076AC1D9E36C80017D22C /* ScribbleIt */,
				070076C11D9E36C80017D22C /* ScribbleItTests */,
				070076CC1D9E36C80017D22C /* ScribbleItUITests */,
				070076AB1D9E36C80017D22C /* Products */,
				07D69FCD1DAA9A2500BBEA05 /* Framework */,
			);
			sourceTree = "<group>";
		};
		070076AB1D9E36C80017D22C /* Products */ = {
			isa = PBXGroup;
			children = (
				070076AA1D9E36C80017D22C /* ScribbleIt.app */,
				070076BE1D9E36C80017D22C /* ScribbleItTests.xctest */,
				070076C91D9E36C80017D22C /* ScribbleItUITests.xctest */,
			);
			name = Products;
			sourceTree = "<group>";
		};
		070076AC1D9E36C80017D22C /* ScribbleIt */ = {
			isa = PBXGroup;
			children = (
				07008D3B1DB155D800D8210B /* Main.storyboard */,
				07E207031DB10EEE005FA4E8 /* ArtworkGalleryViewController.swift */,
				070589981DABEAD800AE4F8D /* ScribbleIt.entitlements */,
				070076DB1D9E675B0017D22C /* SwiftColorPickerViewController.swift */,
				070076AD1D9E36C80017D22C /* AppDelegate.swift */,
				070076AF1D9E36C80017D22C /* ViewController.swift */,
				07D69FD61DAAA27300BBEA05 /* LoginViewController.swift */,
				07D69FBA1DAA4BE800BBEA05 /* API.swift */,
				07736AEC1DAA005B002BA895 /* ColorSlider.swift */,
				070076B41D9E36C80017D22C /* Assets.xcassets */,
				070076B61D9E36C80017D22C /* LaunchScreen.storyboard */,
				070076B91D9E36C80017D22C /* Info.plist */,
				074F979B1DAC105C0081BA56 /* MenuViewController.swift */,
				07E207011DB10CE3005FA4E8 /* ArtworkGalleryCellTableViewCell.swift */,
				07E207051DB1266A005FA4E8 /* TestViewController.swift */,
				07E207071DB13DCE005FA4E8 /* CardView.swift */,
			);
			path = ScribbleIt;
			sourceTree = "<group>";
		};
		070076C11D9E36C80017D22C /* ScribbleItTests */ = {
			isa = PBXGroup;
			children = (
				070076C21D9E36C80017D22C /* ScribbleItTests.swift */,
				070076C41D9E36C80017D22C /* Info.plist */,
			);
			path = ScribbleItTests;
			sourceTree = "<group>";
		};
		070076CC1D9E36C80017D22C /* ScribbleItUITests */ = {
			isa = PBXGroup;
			children = (
				070076CD1D9E36C80017D22C /* ScribbleItUITests.swift */,
				070076CF1D9E36C80017D22C /* Info.plist */,
			);
			path = ScribbleItUITests;
			sourceTree = "<group>";
		};
		07D69FCD1DAA9A2500BBEA05 /* Framework */ = {
			isa = PBXGroup;
			children = (
				07008D3E1DB1568500D8210B /* PopupDialog.framework */,
				070589991DAC005E00AE4F8D /* Simplicity.framework */,
				07D69FC81DAA70C900BBEA05 /* SwiftyJSON.framework */,
				07D69FC31DAA6E7200BBEA05 /* Alamofire.framework */,
				07D69FD81DABB44B00BBEA05 /* Bolts.framework */,
				07D69FD91DABB44C00BBEA05 /* FacebookCore.framework */,
				07D69FDA1DABB44C00BBEA05 /* FacebookLogin.framework */,
				07D69FDB1DABB44C00BBEA05 /* FacebookShare.framework */,
				07D69FDC1DABB44C00BBEA05 /* FBSDKCoreKit.framework */,
				07D69FDD1DABB44C00BBEA05 /* FBSDKLoginKit.framework */,
				07D69FDE1DABB44C00BBEA05 /* FBSDKShareKit.framework */,
			);
			name = Framework;
			sourceTree = "<group>";
		};
/* End PBXGroup section */

/* Begin PBXNativeTarget section */
		070076A91D9E36C80017D22C /* ScribbleIt */ = {
			isa = PBXNativeTarget;
			buildConfigurationList = 070076D21D9E36C80017D22C /* Build configuration list for PBXNativeTarget "ScribbleIt" */;
			buildPhases = (
				070076A61D9E36C80017D22C /* Sources */,
				070076A71D9E36C80017D22C /* Frameworks */,
				070076A81D9E36C80017D22C /* Resources */,
				07D69FC71DAA709C00BBEA05 /* Embed Frameworks */,
			);
			buildRules = (
			);
			dependencies = (
			);
			name = ScribbleIt;
			productName = ScribbleIt;
			productReference = 070076AA1D9E36C80017D22C /* ScribbleIt.app */;
			productType = "com.apple.product-type.application";
		};
		070076BD1D9E36C80017D22C /* ScribbleItTests */ = {
			isa = PBXNativeTarget;
			buildConfigurationList = 070076D51D9E36C80017D22C /* Build configuration list for PBXNativeTarget "ScribbleItTests" */;
			buildPhases = (
				070076BA1D9E36C80017D22C /* Sources */,
				070076BB1D9E36C80017D22C /* Frameworks */,
				070076BC1D9E36C80017D22C /* Resources */,
			);
			buildRules = (
			);
			dependencies = (
				070076C01D9E36C80017D22C /* PBXTargetDependency */,
			);
			name = ScribbleItTests;
			productName = ScribbleItTests;
			productReference = 070076BE1D9E36C80017D22C /* ScribbleItTests.xctest */;
			productType = "com.apple.product-type.bundle.unit-test";
		};
		070076C81D9E36C80017D22C /* ScribbleItUITests */ = {
			isa = PBXNativeTarget;
			buildConfigurationList = 070076D81D9E36C80017D22C /* Build configuration list for PBXNativeTarget "ScribbleItUITests" */;
			buildPhases = (
				070076C51D9E36C80017D22C /* Sources */,
				070076C61D9E36C80017D22C /* Frameworks */,
				070076C71D9E36C80017D22C /* Resources */,
			);
			buildRules = (
			);
			dependencies = (
				070076CB1D9E36C80017D22C /* PBXTargetDependency */,
			);
			name = ScribbleItUITests;
			productName = ScribbleItUITests;
			productReference = 070076C91D9E36C80017D22C /* ScribbleItUITests.xctest */;
			productType = "com.apple.product-type.bundle.ui-testing";
		};
/* End PBXNativeTarget section */

/* Begin PBXProject section */
		070076A21D9E36C80017D22C /* Project object */ = {
			isa = PBXProject;
			attributes = {
				LastSwiftUpdateCheck = 0800;
				LastUpgradeCheck = 0800;
				ORGANIZATIONNAME = "Fu Qiang";
				TargetAttributes = {
					070076A91D9E36C80017D22C = {
						CreatedOnToolsVersion = 8.0;
						DevelopmentTeam = 8DD869YCMY;
						ProvisioningStyle = Automatic;
						SystemCapabilities = {
							com.apple.Keychain = {
								enabled = 1;
							};
						};
					};
					070076BD1D9E36C80017D22C = {
						CreatedOnToolsVersion = 8.0;
						ProvisioningStyle = Automatic;
						TestTargetID = 070076A91D9E36C80017D22C;
					};
					070076C81D9E36C80017D22C = {
						CreatedOnToolsVersion = 8.0;
						ProvisioningStyle = Automatic;
						TestTargetID = 070076A91D9E36C80017D22C;
					};
				};
			};
			buildConfigurationList = 070076A51D9E36C80017D22C /* Build configuration list for PBXProject "ScribbleIt" */;
			compatibilityVersion = "Xcode 3.2";
			developmentRegion = English;
			hasScannedForEncodings = 0;
			knownRegions = (
				en,
				Base,
			);
			mainGroup = 070076A11D9E36C80017D22C;
			productRefGroup = 070076AB1D9E36C80017D22C /* Products */;
			projectDirPath = "";
			projectRoot = "";
			targets = (
				070076A91D9E36C80017D22C /* ScribbleIt */,
				070076BD1D9E36C80017D22C /* ScribbleItTests */,
				070076C81D9E36C80017D22C /* ScribbleItUITests */,
			);
		};
/* End PBXProject section */

/* Begin PBXResourcesBuildPhase section */
		070076A81D9E36C80017D22C /* Resources */ = {
			isa = PBXResourcesBuildPhase;
			buildActionMask = 2147483647;
			files = (
				07008D3D1DB155D800D8210B /* Main.storyboard in Resources */,
				070076B81D9E36C80017D22C /* LaunchScreen.storyboard in Resources */,
				070076B51D9E36C80017D22C /* Assets.xcassets in Resources */,
			);
			runOnlyForDeploymentPostprocessing = 0;
		};
		070076BC1D9E36C80017D22C /* Resources */ = {
			isa = PBXResourcesBuildPhase;
			buildActionMask = 2147483647;
			files = (
			);
			runOnlyForDeploymentPostprocessing = 0;
		};
		070076C71D9E36C80017D22C /* Resources */ = {
			isa = PBXResourcesBuildPhase;
			buildActionMask = 2147483647;
			files = (
			);
			runOnlyForDeploymentPostprocessing = 0;
		};
/* End PBXResourcesBuildPhase section */

/* Begin PBXSourcesBuildPhase section */
		070076A61D9E36C80017D22C /* Sources */ = {
			isa = PBXSourcesBuildPhase;
			buildActionMask = 2147483647;
			files = (
				07E207061DB1266A005FA4E8 /* TestViewController.swift in Sources */,
				07D69FD71DAAA27300BBEA05 /* LoginViewController.swift in Sources */,
				070076DC1D9E675B0017D22C /* SwiftColorPickerViewController.swift in Sources */,
				07E207041DB10EEE005FA4E8 /* ArtworkGalleryViewController.swift in Sources */,
				070076B01D9E36C80017D22C /* ViewController.swift in Sources */,
				074F979C1DAC105C0081BA56 /* MenuViewController.swift in Sources */,
				07736AED1DAA005B002BA895 /* ColorSlider.swift in Sources */,
				07E207021DB10CE3005FA4E8 /* ArtworkGalleryCellTableViewCell.swift in Sources */,
				070076AE1D9E36C80017D22C /* AppDelegate.swift in Sources */,
				07E207081DB13DCE005FA4E8 /* CardView.swift in Sources */,
				07D69FBB1DAA4BE800BBEA05 /* API.swift in Sources */,
			);
			runOnlyForDeploymentPostprocessing = 0;
		};
		070076BA1D9E36C80017D22C /* Sources */ = {
			isa = PBXSourcesBuildPhase;
			buildActionMask = 2147483647;
			files = (
				070076C31D9E36C80017D22C /* ScribbleItTests.swift in Sources */,
			);
			runOnlyForDeploymentPostprocessing = 0;
		};
		070076C51D9E36C80017D22C /* Sources */ = {
			isa = PBXSourcesBuildPhase;
			buildActionMask = 2147483647;
			files = (
				070076CE1D9E36C80017D22C /* ScribbleItUITests.swift in Sources */,
			);
			runOnlyForDeploymentPostprocessing = 0;
		};
/* End PBXSourcesBuildPhase section */

/* Begin PBXTargetDependency section */
		070076C01D9E36C80017D22C /* PBXTargetDependency */ = {
			isa = PBXTargetDependency;
			target = 070076A91D9E36C80017D22C /* ScribbleIt */;
			targetProxy = 070076BF1D9E36C80017D22C /* PBXContainerItemProxy */;
		};
		070076CB1D9E36C80017D22C /* PBXTargetDependency */ = {
			isa = PBXTargetDependency;
			target = 070076A91D9E36C80017D22C /* ScribbleIt */;
			targetProxy = 070076CA1D9E36C80017D22C /* PBXContainerItemProxy */;
		};
/* End PBXTargetDependency section */

/* Begin PBXVariantGroup section */
		070076B61D9E36C80017D22C /* LaunchScreen.storyboard */ = {
			isa = PBXVariantGroup;
			children = (
				070076B71D9E36C80017D22C /* Base */,
			);
			name = LaunchScreen.storyboard;
			sourceTree = "<group>";
		};
		07008D3B1DB155D800D8210B /* Main.storyboard */ = {
			isa = PBXVariantGroup;
			children = (
				07008D3C1DB155D800D8210B /* Base */,
			);
			name = Main.storyboard;
			sourceTree = "<group>";
		};
/* End PBXVariantGroup section */

/* Begin XCBuildConfiguration section */
		070076D01D9E36C80017D22C /* Debug */ = {
			isa = XCBuildConfiguration;
			buildSettings = {
				ALWAYS_SEARCH_USER_PATHS = NO;
				CLANG_ANALYZER_NONNULL = YES;
				CLANG_CXX_LANGUAGE_STANDARD = "gnu++0x";
				CLANG_CXX_LIBRARY = "libc++";
				CLANG_ENABLE_MODULES = YES;
				CLANG_ENABLE_OBJC_ARC = YES;
				CLANG_WARN_BOOL_CONVERSION = YES;
				CLANG_WARN_CONSTANT_CONVERSION = YES;
				CLANG_WARN_DIRECT_OBJC_ISA_USAGE = YES_ERROR;
				CLANG_WARN_DOCUMENTATION_COMMENTS = YES;
				CLANG_WARN_EMPTY_BODY = YES;
				CLANG_WARN_ENUM_CONVERSION = YES;
				CLANG_WARN_INFINITE_RECURSION = YES;
				CLANG_WARN_INT_CONVERSION = YES;
				CLANG_WARN_OBJC_ROOT_CLASS = YES_ERROR;
				CLANG_WARN_SUSPICIOUS_MOVES = YES;
				CLANG_WARN_UNREACHABLE_CODE = YES;
				CLANG_WARN__DUPLICATE_METHOD_MATCH = YES;
				"CODE_SIGN_IDENTITY[sdk=iphoneos*]" = "iPhone Developer";
				COPY_PHASE_STRIP = NO;
				DEBUG_INFORMATION_FORMAT = dwarf;
				ENABLE_STRICT_OBJC_MSGSEND = YES;
				ENABLE_TESTABILITY = YES;
				GCC_C_LANGUAGE_STANDARD = gnu99;
				GCC_DYNAMIC_NO_PIC = NO;
				GCC_NO_COMMON_BLOCKS = YES;
				GCC_OPTIMIZATION_LEVEL = 0;
				GCC_PREPROCESSOR_DEFINITIONS = (
					"DEBUG=1",
					"$(inherited)",
				);
				GCC_WARN_64_TO_32_BIT_CONVERSION = YES;
				GCC_WARN_ABOUT_RETURN_TYPE = YES_ERROR;
				GCC_WARN_UNDECLARED_SELECTOR = YES;
				GCC_WARN_UNINITIALIZED_AUTOS = YES_AGGRESSIVE;
				GCC_WARN_UNUSED_FUNCTION = YES;
				GCC_WARN_UNUSED_VARIABLE = YES;
				IPHONEOS_DEPLOYMENT_TARGET = 10.0;
				MTL_ENABLE_DEBUG_INFO = YES;
				ONLY_ACTIVE_ARCH = YES;
				SDKROOT = iphoneos;
				SWIFT_ACTIVE_COMPILATION_CONDITIONS = DEBUG;
				SWIFT_OPTIMIZATION_LEVEL = "-Onone";
				TARGETED_DEVICE_FAMILY = "1,2";
			};
			name = Debug;
		};
		070076D11D9E36C80017D22C /* Release */ = {
			isa = XCBuildConfiguration;
			buildSettings = {
				ALWAYS_SEARCH_USER_PATHS = NO;
				CLANG_ANALYZER_NONNULL = YES;
				CLANG_CXX_LANGUAGE_STANDARD = "gnu++0x";
				CLANG_CXX_LIBRARY = "libc++";
				CLANG_ENABLE_MODULES = YES;
				CLANG_ENABLE_OBJC_ARC = YES;
				CLANG_WARN_BOOL_CONVERSION = YES;
				CLANG_WARN_CONSTANT_CONVERSION = YES;
				CLANG_WARN_DIRECT_OBJC_ISA_USAGE = YES_ERROR;
				CLANG_WARN_DOCUMENTATION_COMMENTS = YES;
				CLANG_WARN_EMPTY_BODY = YES;
				CLANG_WARN_ENUM_CONVERSION = YES;
				CLANG_WARN_INFINITE_RECURSION = YES;
				CLANG_WARN_INT_CONVERSION = YES;
				CLANG_WARN_OBJC_ROOT_CLASS = YES_ERROR;
				CLANG_WARN_SUSPICIOUS_MOVES = YES;
				CLANG_WARN_UNREACHABLE_CODE = YES;
				CLANG_WARN__DUPLICATE_METHOD_MATCH = YES;
				"CODE_SIGN_IDENTITY[sdk=iphoneos*]" = "iPhone Developer";
				COPY_PHASE_STRIP = NO;
				DEBUG_INFORMATION_FORMAT = "dwarf-with-dsym";
				ENABLE_NS_ASSERTIONS = NO;
				ENABLE_STRICT_OBJC_MSGSEND = YES;
				GCC_C_LANGUAGE_STANDARD = gnu99;
				GCC_NO_COMMON_BLOCKS = YES;
				GCC_WARN_64_TO_32_BIT_CONVERSION = YES;
				GCC_WARN_ABOUT_RETURN_TYPE = YES_ERROR;
				GCC_WARN_UNDECLARED_SELECTOR = YES;
				GCC_WARN_UNINITIALIZED_AUTOS = YES_AGGRESSIVE;
				GCC_WARN_UNUSED_FUNCTION = YES;
				GCC_WARN_UNUSED_VARIABLE = YES;
				IPHONEOS_DEPLOYMENT_TARGET = 10.0;
				MTL_ENABLE_DEBUG_INFO = NO;
				SDKROOT = iphoneos;
				SWIFT_OPTIMIZATION_LEVEL = "-Owholemodule";
				TARGETED_DEVICE_FAMILY = "1,2";
				VALIDATE_PRODUCT = YES;
			};
			name = Release;
		};
		070076D31D9E36C80017D22C /* Debug */ = {
			isa = XCBuildConfiguration;
			buildSettings = {
				ASSETCATALOG_COMPILER_APPICON_NAME = AppIcon;
				CODE_SIGN_ENTITLEMENTS = ScribbleIt/ScribbleIt.entitlements;
				DEVELOPMENT_TEAM = 8DD869YCMY;
				FRAMEWORK_SEARCH_PATHS = (
					"$(inherited)",
					"$(PROJECT_DIR)/Carthage/Build/iOS",
					"$(PROJECT_DIR)/ScribbleIt",
					"$(PROJECT_DIR)/Document/FacebookSDK",
				);
				INFOPLIST_FILE = ScribbleIt/Info.plist;
				IPHONEOS_DEPLOYMENT_TARGET = 9.0;
				LD_RUNPATH_SEARCH_PATHS = "$(inherited) @executable_path/Frameworks";
				PRODUCT_BUNDLE_IDENTIFIER = FQ.ScribbleIt;
				PRODUCT_NAME = "$(TARGET_NAME)";
				SWIFT_VERSION = 3.0;
			};
			name = Debug;
		};
		070076D41D9E36C80017D22C /* Release */ = {
			isa = XCBuildConfiguration;
			buildSettings = {
				ASSETCATALOG_COMPILER_APPICON_NAME = AppIcon;
				CODE_SIGN_ENTITLEMENTS = ScribbleIt/ScribbleIt.entitlements;
				DEVELOPMENT_TEAM = 8DD869YCMY;
				FRAMEWORK_SEARCH_PATHS = (
					"$(inherited)",
					"$(PROJECT_DIR)/Carthage/Build/iOS",
					"$(PROJECT_DIR)/ScribbleIt",
					"$(PROJECT_DIR)/Document/FacebookSDK",
				);
				INFOPLIST_FILE = ScribbleIt/Info.plist;
				IPHONEOS_DEPLOYMENT_TARGET = 9.0;
				LD_RUNPATH_SEARCH_PATHS = "$(inherited) @executable_path/Frameworks";
				PRODUCT_BUNDLE_IDENTIFIER = FQ.ScribbleIt;
				PRODUCT_NAME = "$(TARGET_NAME)";
				SWIFT_VERSION = 3.0;
			};
			name = Release;
		};
		070076D61D9E36C80017D22C /* Debug */ = {
			isa = XCBuildConfiguration;
			buildSettings = {
				ALWAYS_EMBED_SWIFT_STANDARD_LIBRARIES = YES;
				BUNDLE_LOADER = "$(TEST_HOST)";
				INFOPLIST_FILE = ScribbleItTests/Info.plist;
				LD_RUNPATH_SEARCH_PATHS = "$(inherited) @executable_path/Frameworks @loader_path/Frameworks";
				PRODUCT_BUNDLE_IDENTIFIER = FQ.ScribbleItTests;
				PRODUCT_NAME = "$(TARGET_NAME)";
				SWIFT_VERSION = 3.0;
				TEST_HOST = "$(BUILT_PRODUCTS_DIR)/ScribbleIt.app/ScribbleIt";
			};
			name = Debug;
		};
		070076D71D9E36C80017D22C /* Release */ = {
			isa = XCBuildConfiguration;
			buildSettings = {
				ALWAYS_EMBED_SWIFT_STANDARD_LIBRARIES = YES;
				BUNDLE_LOADER = "$(TEST_HOST)";
				INFOPLIST_FILE = ScribbleItTests/Info.plist;
				LD_RUNPATH_SEARCH_PATHS = "$(inherited) @executable_path/Frameworks @loader_path/Frameworks";
				PRODUCT_BUNDLE_IDENTIFIER = FQ.ScribbleItTests;
				PRODUCT_NAME = "$(TARGET_NAME)";
				SWIFT_VERSION = 3.0;
				TEST_HOST = "$(BUILT_PRODUCTS_DIR)/ScribbleIt.app/ScribbleIt";
			};
			name = Release;
		};
		070076D91D9E36C80017D22C /* Debug */ = {
			isa = XCBuildConfiguration;
			buildSettings = {
				ALWAYS_EMBED_SWIFT_STANDARD_LIBRARIES = YES;
				INFOPLIST_FILE = ScribbleItUITests/Info.plist;
				LD_RUNPATH_SEARCH_PATHS = "$(inherited) @executable_path/Frameworks @loader_path/Frameworks";
				PRODUCT_BUNDLE_IDENTIFIER = FQ.ScribbleItUITests;
				PRODUCT_NAME = "$(TARGET_NAME)";
				SWIFT_VERSION = 3.0;
				TEST_TARGET_NAME = ScribbleIt;
			};
			name = Debug;
		};
		070076DA1D9E36C80017D22C /* Release */ = {
			isa = XCBuildConfiguration;
			buildSettings = {
				ALWAYS_EMBED_SWIFT_STANDARD_LIBRARIES = YES;
				INFOPLIST_FILE = ScribbleItUITests/Info.plist;
				LD_RUNPATH_SEARCH_PATHS = "$(inherited) @executable_path/Frameworks @loader_path/Frameworks";
				PRODUCT_BUNDLE_IDENTIFIER = FQ.ScribbleItUITests;
				PRODUCT_NAME = "$(TARGET_NAME)";
				SWIFT_VERSION = 3.0;
				TEST_TARGET_NAME = ScribbleIt;
			};
			name = Release;
		};
/* End XCBuildConfiguration section */

/* Begin XCConfigurationList section */
		070076A51D9E36C80017D22C /* Build configuration list for PBXProject "ScribbleIt" */ = {
			isa = XCConfigurationList;
			buildConfigurations = (
				070076D01D9E36C80017D22C /* Debug */,
				070076D11D9E36C80017D22C /* Release */,
			);
			defaultConfigurationIsVisible = 0;
			defaultConfigurationName = Release;
		};
		070076D21D9E36C80017D22C /* Build configuration list for PBXNativeTarget "ScribbleIt" */ = {
			isa = XCConfigurationList;
			buildConfigurations = (
				070076D31D9E36C80017D22C /* Debug */,
				070076D41D9E36C80017D22C /* Release */,
			);
			defaultConfigurationIsVisible = 0;
			defaultConfigurationName = Release;
		};
		070076D51D9E36C80017D22C /* Build configuration list for PBXNativeTarget "ScribbleItTests" */ = {
			isa = XCConfigurationList;
			buildConfigurations = (
				070076D61D9E36C80017D22C /* Debug */,
				070076D71D9E36C80017D22C /* Release */,
			);
			defaultConfigurationIsVisible = 0;
			defaultConfigurationName = Release;
		};
		070076D81D9E36C80017D22C /* Build configuration list for PBXNativeTarget "ScribbleItUITests" */ = {
			isa = XCConfigurationList;
			buildConfigurations = (
				070076D91D9E36C80017D22C /* Debug */,
				070076DA1D9E36C80017D22C /* Release */,
			);
			defaultConfigurationIsVisible = 0;
			defaultConfigurationName = Release;
		};
/* End XCConfigurationList section */
	};
	rootObject = 070076A21D9E36C80017D22C /* Project object */;
}
